
Microsoft Visual Studio Solution File, Format Version 12.00
# Visual Studio 14
VisualStudioVersion = 14.0.25420.1
MinimumVisualStudioVersion = 10.0.40219.1
Project("{FAE04EC0-301F-11D3-BF4B-00C04F79EFBC}") = "2domacazadaca", "2domacazadaca\2domacazadaca.csproj", "{CF1B7CCF-60E8-425D-ABCF-88F994808EC0}"
EndProject
Project("{FAE04EC0-301F-11D3-BF4B-00C04F79EFBC}") = "2domacazadacaTests", "2domacazadacaTests\2domacazadacaTests.csproj", "{D8737064-DF72-45FA-B055-67FEFA13C4E4}"
EndProject
Global
	GlobalSection(SolutionConfigurationPlatforms) = preSolution
		Debug|Any CPU = Debug|Any CPU
		Release|Any CPU = Release|Any CPU
	EndGlobalSection
	GlobalSection(ProjectConfigurationPlatforms) = postSolution
		{CF1B7CCF-60E8-425D-ABCF-88F994808EC0}.Debug|Any CPU.ActiveCfg = Debug|Any CPU
		{CF1B7CCF-60E8-425D-ABCF-88F994808EC0}.Debug|Any CPU.Build.0 = Debug|Any CPU
		{CF1B7CCF-60E8-425D-ABCF-88F994808EC0}.Release|Any CPU.ActiveCfg = Release|Any CPU
		{CF1B7CCF-60E8-425D-ABCF-88F994808EC0}.Release|Any CPU.Build.0 = Release|Any CPU
		{D8737064-DF72-45FA-B055-67FEFA13C4E4}.Debug|Any CPU.ActiveCfg = Debug|Any CPU
		{D8737064-DF72-45FA-B055-67FEFA13C4E4}.Debug|Any CPU.Build.0 = Debug|Any CPU
		{D8737064-DF72-45FA-B055-67FEFA13C4E4}.Release|Any CPU.ActiveCfg = Release|Any CPU
		{D8737064-DF72-45FA-B055-67FEFA13C4E4}.Release|Any CPU.Build.0 = Release|Any CPU
	EndGlobalSection
	GlobalSection(SolutionProperties) = preSolution
		HideSolutionNode = FALSE
	EndGlobalSection
EndGlobal
